# THIS IS AN AUTOGENERATED FILE. DO NOT EDIT THIS FILE DIRECTLY.
# yarn lockfile v1


"@47ng/check-env@^2.0.1":
  version "2.0.2"
  resolved "https://registry.yarnpkg.com/@47ng/check-env/-/check-env-2.0.2.tgz#cd7b5c77488d00bf3465b26c7d93a13bd5768e60"
  integrity sha512-sxxT3dhGcpsXp/yTI9ktXLVBoVp9SZQRZFxBYAXgU1lMPl7z+30kbKDTOUV9K/AdamJc9uq87ETkpyFqkSd58Q==

consola@^2.15.3:
  version "2.15.3"
  resolved "https://registry.yarnpkg.com/consola/-/consola-2.15.3.tgz#2e11f98d6a4be71ff72e0bdf07bd23e12cb61550"
  integrity sha512-9vAdYbHj6x2fLKC4+oPH0kFzY/orMZyG2Aj+kNylHxKGJ/Ed4dpNyAQYwJOdqO4zdM7XpVHmyejQDcQHrnuXbw==

prettier-config-standard@^1.0.1:
  version "1.0.1"
  resolved "https://registry.yarnpkg.com/prettier-config-standard/-/prettier-config-standard-1.0.1.tgz#fe669bbe1d2c8d9437d82e3bc7d5d76e0756d93e"
  integrity sha512-S0zuixvAFlc0zruhYEDMsjt2VG/e5S5hSbqGuxTMWA0ygjII8EP9U7c/wsCQyjjAoaYG82bUsVmaSQ6veQ+u6g==
